
Microsoft Visual Studio Solution File, Format Version 12.00
# Visual Studio 15
VisualStudioVersion = 15.0.28307.271
MinimumVisualStudioVersion = 10.0.40219.1
Project("{FAE04EC0-301F-11D3-BF4B-00C04F79EFBC}") = "SignalRSample", "SignalRSample\SignalRSample.csproj", "{00F82117-CB06-497E-ADCE-E7C5BA51C96D}"
EndProject
Global
	GlobalSection(SolutionConfigurationPlatforms) = preSolution
		Debug|Any CPU = Debug|Any CPU
		Release|Any CPU = Release|Any CPU
	EndGlobalSection
	GlobalSection(ProjectConfigurationPlatforms) = postSolution
		{00F82117-CB06-497E-ADCE-E7C5BA51C96D}.Debug|Any CPU.ActiveCfg = Debug|Any CPU
		{00F82117-CB06-497E-ADCE-E7C5BA51C96D}.Debug|Any CPU.Build.0 = Debug|Any CPU
		{00F82117-CB06-497E-ADCE-E7C5BA51C96D}.Release|Any CPU.ActiveCfg = Release|Any CPU
		{00F82117-CB06-497E-ADCE-E7C5BA51C96D}.Release|Any CPU.Build.0 = Release|Any CPU
	EndGlobalSection
	GlobalSection(SolutionProperties) = preSolution
		HideSolutionNode = FALSE
	EndGlobalSection
	GlobalSection(ExtensibilityGlobals) = postSolution
		SolutionGuid = {0252B879-969E-4495-833A-351A0D6E4A0B}
	EndGlobalSection
EndGlobal
