
Microsoft Visual Studio Solution File, Format Version 12.00
# Visual Studio 15
VisualStudioVersion = 15.0.28307.271
MinimumVisualStudioVersion = 10.0.40219.1
Project("{FAE04EC0-301F-11D3-BF4B-00C04F79EFBC}") = "GiveMeSimpleJavaScriptFiles", "GiveMeSimpleJavaScriptFiles\GiveMeSimpleJavaScriptFiles.csproj", "{5B135F49-FF32-4E97-B13A-C3F1F13A3F70}"
EndProject
Global
	GlobalSection(SolutionConfigurationPlatforms) = preSolution
		Debug|Any CPU = Debug|Any CPU
		Release|Any CPU = Release|Any CPU
	EndGlobalSection
	GlobalSection(ProjectConfigurationPlatforms) = postSolution
		{5B135F49-FF32-4E97-B13A-C3F1F13A3F70}.Debug|Any CPU.ActiveCfg = Debug|Any CPU
		{5B135F49-FF32-4E97-B13A-C3F1F13A3F70}.Debug|Any CPU.Build.0 = Debug|Any CPU
		{5B135F49-FF32-4E97-B13A-C3F1F13A3F70}.Release|Any CPU.ActiveCfg = Release|Any CPU
		{5B135F49-FF32-4E97-B13A-C3F1F13A3F70}.Release|Any CPU.Build.0 = Release|Any CPU
	EndGlobalSection
	GlobalSection(SolutionProperties) = preSolution
		HideSolutionNode = FALSE
	EndGlobalSection
	GlobalSection(ExtensibilityGlobals) = postSolution
		SolutionGuid = {79A2CDE0-B923-4068-8603-2E42126D05D1}
	EndGlobalSection
EndGlobal
